
Microsoft Visual Studio Solution File, Format Version 12.00
# Visual Studio Version 17
VisualStudioVersion = 17.5.33516.290
MinimumVisualStudioVersion = 10.0.40219.1
Project("{FAE04EC0-301F-11D3-BF4B-00C04F79EFBC}") = "nume prenume 1.0", "nume prenume 1.0\nume prenume 1.0.csproj", "{34D6A8AB-E944-4618-8615-6D12C39BC08F}"
EndProject
Global
	GlobalSection(SolutionConfigurationPlatforms) = preSolution
		Debug|Any CPU = Debug|Any CPU
		Release|Any CPU = Release|Any CPU
	EndGlobalSection
	GlobalSection(ProjectConfigurationPlatforms) = postSolution
		{34D6A8AB-E944-4618-8615-6D12C39BC08F}.Debug|Any CPU.ActiveCfg = Debug|Any CPU
		{34D6A8AB-E944-4618-8615-6D12C39BC08F}.Debug|Any CPU.Build.0 = Debug|Any CPU
		{34D6A8AB-E944-4618-8615-6D12C39BC08F}.Release|Any CPU.ActiveCfg = Release|Any CPU
		{34D6A8AB-E944-4618-8615-6D12C39BC08F}.Release|Any CPU.Build.0 = Release|Any CPU
	EndGlobalSection
	GlobalSection(SolutionProperties) = preSolution
		HideSolutionNode = FALSE
	EndGlobalSection
	GlobalSection(ExtensibilityGlobals) = postSolution
		SolutionGuid = {CFE714E6-0110-498B-82BC-ECE7F6533186}
	EndGlobalSection
EndGlobal
